# THIS IS AN AUTOGENERATED FILE. DO NOT EDIT THIS FILE DIRECTLY.
# yarn lockfile v1


fuzzysort@^1.2.1:
  version "1.2.1"
  resolved "https://registry.yarnpkg.com/fuzzysort/-/fuzzysort-1.2.1.tgz#ea23d3c4d7726422888f538044fcea265644d54c"
  integrity sha512-egTSF3U6H6T9tXtAhEm5P5guSSDjd96/NUWrbmoGlIu3ATMdXra13gwQdEFRY6ehsFe8xec7UnQz+k34CGWCIg==
